{
  "name": "wechat",
  "version": "1.0.0",
  "lockfileVersion": 1,
  "requires": true,
  "dependencies": {
    "require": {
      "version": "2.4.20",
      "resolved": "https://registry.npmjs.org/require/-/require-2.4.20.tgz",
      "integrity": "sha1-Zstrqqu2XeinHXk/XGX9GE83mLY=",
      "requires": {
        "std": "http://registry.npm.taobao.org/std/download/std-0.1.40.tgz",
        "uglify-js": "http://registry.npm.taobao.org/uglify-js/download/uglify-js-2.3.0.tgz"
      }
    },
    "std": {
      "version": "http://registry.npm.taobao.org/std/download/std-0.1.40.tgz"
    },
    "uglify-js": {
      "version": "http://registry.npm.taobao.org/uglify-js/download/uglify-js-2.3.0.tgz",
      "requires": {
        "async": "http://registry.npm.taobao.org/async/download/async-0.2.10.tgz",
        "optimist": "http://registry.npm.taobao.org/optimist/download/optimist-0.3.7.tgz",
        "source-map": "http://registry.npm.taobao.org/source-map/download/source-map-0.1.43.tgz"
      },
      "dependencies": {
        "async": {
          "version": "http://registry.npm.taobao.org/async/download/async-0.2.10.tgz",
          "bundled": true
        },
        "optimist": {
          "version": "http://registry.npm.taobao.org/optimist/download/optimist-0.3.7.tgz",
          "bundled": true,
          "requires": {
            "wordwrap": "http://registry.npm.taobao.org/wordwrap/download/wordwrap-0.0.3.tgz"
          },
          "dependencies": {
            "wordwrap": {
              "version": "http://registry.npm.taobao.org/wordwrap/download/wordwrap-0.0.3.tgz"
            }
          }
        },
        "source-map": {
          "version": "http://registry.npm.taobao.org/source-map/download/source-map-0.1.43.tgz",
          "bundled": true,
          "requires": {
            "amdefine": "1.0.1"
          },
          "dependencies": {
            "amdefine": {
              "version": "1.0.1",
              "bundled": true
            }
          }
        }
      }
    }
  }
}
